
Microsoft Visual Studio Solution File, Format Version 12.00
# Visual Studio 2012
Project("{FAE04EC0-301F-11D3-BF4B-00C04F79EFBC}") = "homework_07_due_18.05.2014", "homework_07_due_18.05.2014\homework_07_due_18.05.2014.csproj", "{6B215890-5BC6-40AA-8474-CA38598CDAAD}"
EndProject
Global
	GlobalSection(SolutionConfigurationPlatforms) = preSolution
		Debug|Any CPU = Debug|Any CPU
		Release|Any CPU = Release|Any CPU
	EndGlobalSection
	GlobalSection(ProjectConfigurationPlatforms) = postSolution
		{6B215890-5BC6-40AA-8474-CA38598CDAAD}.Debug|Any CPU.ActiveCfg = Debug|Any CPU
		{6B215890-5BC6-40AA-8474-CA38598CDAAD}.Debug|Any CPU.Build.0 = Debug|Any CPU
		{6B215890-5BC6-40AA-8474-CA38598CDAAD}.Release|Any CPU.ActiveCfg = Release|Any CPU
		{6B215890-5BC6-40AA-8474-CA38598CDAAD}.Release|Any CPU.Build.0 = Release|Any CPU
	EndGlobalSection
	GlobalSection(SolutionProperties) = preSolution
		HideSolutionNode = FALSE
	EndGlobalSection
EndGlobal
