
Microsoft Visual Studio Solution File, Format Version 12.00
# Visual Studio 2012
Project("{FAE04EC0-301F-11D3-BF4B-00C04F79EFBC}") = "JavaScriptOOPHomeworkTemplate", "JavaScriptOOPHomeworkTemplate\JavaScriptOOPHomeworkTemplate.csproj", "{1E959C9E-0ABE-4BA7-B8CD-7736F7A79F7E}"
EndProject
Global
	GlobalSection(SolutionConfigurationPlatforms) = preSolution
		Debug|Any CPU = Debug|Any CPU
		Release|Any CPU = Release|Any CPU
	EndGlobalSection
	GlobalSection(ProjectConfigurationPlatforms) = postSolution
		{1E959C9E-0ABE-4BA7-B8CD-7736F7A79F7E}.Debug|Any CPU.ActiveCfg = Debug|Any CPU
		{1E959C9E-0ABE-4BA7-B8CD-7736F7A79F7E}.Debug|Any CPU.Build.0 = Debug|Any CPU
		{1E959C9E-0ABE-4BA7-B8CD-7736F7A79F7E}.Release|Any CPU.ActiveCfg = Release|Any CPU
		{1E959C9E-0ABE-4BA7-B8CD-7736F7A79F7E}.Release|Any CPU.Build.0 = Release|Any CPU
	EndGlobalSection
	GlobalSection(SolutionProperties) = preSolution
		HideSolutionNode = FALSE
	EndGlobalSection
EndGlobal
