
Microsoft Visual Studio Solution File, Format Version 12.00
# Visual Studio 2012
Project("{FAE04EC0-301F-11D3-BF4B-00C04F79EFBC}") = "homework_05_due_15.05.2014", "homework_05_due_15.05.2014\homework_05_due_15.05.2014.csproj", "{B6EA7A4A-CEC1-4E3A-9559-8FDB95B35233}"
EndProject
Global
	GlobalSection(SolutionConfigurationPlatforms) = preSolution
		Debug|Any CPU = Debug|Any CPU
		Release|Any CPU = Release|Any CPU
	EndGlobalSection
	GlobalSection(ProjectConfigurationPlatforms) = postSolution
		{B6EA7A4A-CEC1-4E3A-9559-8FDB95B35233}.Debug|Any CPU.ActiveCfg = Debug|Any CPU
		{B6EA7A4A-CEC1-4E3A-9559-8FDB95B35233}.Debug|Any CPU.Build.0 = Debug|Any CPU
		{B6EA7A4A-CEC1-4E3A-9559-8FDB95B35233}.Release|Any CPU.ActiveCfg = Release|Any CPU
		{B6EA7A4A-CEC1-4E3A-9559-8FDB95B35233}.Release|Any CPU.Build.0 = Release|Any CPU
	EndGlobalSection
	GlobalSection(SolutionProperties) = preSolution
		HideSolutionNode = FALSE
	EndGlobalSection
EndGlobal
