
Microsoft Visual Studio Solution File, Format Version 12.00
# Visual Studio Express 2013 for Windows Desktop
VisualStudioVersion = 12.0.21005.1
MinimumVisualStudioVersion = 10.0.40219.1
Project("{FAE04EC0-301F-11D3-BF4B-00C04F79EFBC}") = "01. 9GagNumbers", "01. 9GagNumbers\01. 9GagNumbers.csproj", "{D02CF89E-18F7-441A-90D8-3591EFECE3AD}"
EndProject
Project("{FAE04EC0-301F-11D3-BF4B-00C04F79EFBC}") = "02. SpecialValue", "02. SpecialValue\02. SpecialValue.csproj", "{2D033281-BCA5-470F-86DC-FFD935D493F2}"
EndProject
Project("{FAE04EC0-301F-11D3-BF4B-00C04F79EFBC}") = "03. KukataIsDancing", "03. KukataIsDancing\03. KukataIsDancing.csproj", "{FA4F8ADA-603F-4AF9-BAEA-2ECA8F57C960}"
EndProject
Global
	GlobalSection(SolutionConfigurationPlatforms) = preSolution
		Debug|Any CPU = Debug|Any CPU
		Release|Any CPU = Release|Any CPU
	EndGlobalSection
	GlobalSection(ProjectConfigurationPlatforms) = postSolution
		{D02CF89E-18F7-441A-90D8-3591EFECE3AD}.Debug|Any CPU.ActiveCfg = Debug|Any CPU
		{D02CF89E-18F7-441A-90D8-3591EFECE3AD}.Debug|Any CPU.Build.0 = Debug|Any CPU
		{D02CF89E-18F7-441A-90D8-3591EFECE3AD}.Release|Any CPU.ActiveCfg = Release|Any CPU
		{D02CF89E-18F7-441A-90D8-3591EFECE3AD}.Release|Any CPU.Build.0 = Release|Any CPU
		{2D033281-BCA5-470F-86DC-FFD935D493F2}.Debug|Any CPU.ActiveCfg = Debug|Any CPU
		{2D033281-BCA5-470F-86DC-FFD935D493F2}.Debug|Any CPU.Build.0 = Debug|Any CPU
		{2D033281-BCA5-470F-86DC-FFD935D493F2}.Release|Any CPU.ActiveCfg = Release|Any CPU
		{2D033281-BCA5-470F-86DC-FFD935D493F2}.Release|Any CPU.Build.0 = Release|Any CPU
		{FA4F8ADA-603F-4AF9-BAEA-2ECA8F57C960}.Debug|Any CPU.ActiveCfg = Debug|Any CPU
		{FA4F8ADA-603F-4AF9-BAEA-2ECA8F57C960}.Debug|Any CPU.Build.0 = Debug|Any CPU
		{FA4F8ADA-603F-4AF9-BAEA-2ECA8F57C960}.Release|Any CPU.ActiveCfg = Release|Any CPU
		{FA4F8ADA-603F-4AF9-BAEA-2ECA8F57C960}.Release|Any CPU.Build.0 = Release|Any CPU
	EndGlobalSection
	GlobalSection(SolutionProperties) = preSolution
		HideSolutionNode = FALSE
	EndGlobalSection
EndGlobal
